
Microsoft Visual Studio Solution File, Format Version 12.00
# Visual Studio Version 17
VisualStudioVersion = 17.4.33403.182
MinimumVisualStudioVersion = 10.0.40219.1
Project("{FAE04EC0-301F-11D3-BF4B-00C04F79EFBC}") = "StoreApi", "StoreApi.csproj", "{FAEC02A9-BF84-4C9E-B516-0D831E524696}"
EndProject
Global
	GlobalSection(SolutionConfigurationPlatforms) = preSolution
		Debug|Any CPU = Debug|Any CPU
		Release|Any CPU = Release|Any CPU
	EndGlobalSection
	GlobalSection(ProjectConfigurationPlatforms) = postSolution
		{FAEC02A9-BF84-4C9E-B516-0D831E524696}.Debug|Any CPU.ActiveCfg = Debug|Any CPU
		{FAEC02A9-BF84-4C9E-B516-0D831E524696}.Debug|Any CPU.Build.0 = Debug|Any CPU
		{FAEC02A9-BF84-4C9E-B516-0D831E524696}.Release|Any CPU.ActiveCfg = Release|Any CPU
		{FAEC02A9-BF84-4C9E-B516-0D831E524696}.Release|Any CPU.Build.0 = Release|Any CPU
	EndGlobalSection
	GlobalSection(SolutionProperties) = preSolution
		HideSolutionNode = FALSE
	EndGlobalSection
	GlobalSection(ExtensibilityGlobals) = postSolution
		SolutionGuid = {6BB22B4E-C52F-46C8-82E8-46303B97A857}
	EndGlobalSection
EndGlobal
